
Microsoft Visual Studio Solution File, Format Version 12.00
# Visual Studio Version 17
VisualStudioVersion = 17.0.31903.59
MinimumVisualStudioVersion = 10.0.40219.1
Project("{FAE04EC0-301F-11D3-BF4B-00C04F79EFBC}") = "NativeCodeGen.Core", "src\NativeCodeGen.Core\NativeCodeGen.Core.csproj", "{A1B2C3D4-E5F6-7890-ABCD-EF1234567890}"
EndProject
Project("{FAE04EC0-301F-11D3-BF4B-00C04F79EFBC}") = "NativeCodeGen.TypeScript", "src\NativeCodeGen.TypeScript\NativeCodeGen.TypeScript.csproj", "{B2C3D4E5-F6A7-8901-BCDE-F12345678901}"
EndProject
Project("{FAE04EC0-301F-11D3-BF4B-00C04F79EFBC}") = "NativeCodeGen.Cli", "src\NativeCodeGen.Cli\NativeCodeGen.Cli.csproj", "{C3D4E5F6-A7B8-9012-CDEF-123456789012}"
EndProject
Project("{2150E333-8FDC-42A3-9474-1A3956D46DE8}") = "tests", "tests", "{0AB3BF05-4346-4AA6-1389-037BE0695223}"
EndProject
Project("{FAE04EC0-301F-11D3-BF4B-00C04F79EFBC}") = "NativeCodeGen.Tests", "tests\NativeCodeGen.Tests\NativeCodeGen.Tests.csproj", "{84F3AB59-15FB-4DC1-9154-56DC7C9E8452}"
EndProject
Project("{2150E333-8FDC-42A3-9474-1A3956D46DE8}") = "src", "src", "{827E0CD3-B72D-47B6-A68D-7590B98EB39B}"
EndProject
Project("{FAE04EC0-301F-11D3-BF4B-00C04F79EFBC}") = "NativeCodeGen.Lua", "src\NativeCodeGen.Lua\NativeCodeGen.Lua.csproj", "{50FC0789-FCFC-4FA5-B2B5-E9CBE66D106F}"
EndProject
Global
	GlobalSection(SolutionConfigurationPlatforms) = preSolution
		Debug|Any CPU = Debug|Any CPU
		Debug|x64 = Debug|x64
		Debug|x86 = Debug|x86
		Release|Any CPU = Release|Any CPU
		Release|x64 = Release|x64
		Release|x86 = Release|x86
	EndGlobalSection
	GlobalSection(ProjectConfigurationPlatforms) = postSolution
		{A1B2C3D4-E5F6-7890-ABCD-EF1234567890}.Debug|Any CPU.ActiveCfg = Debug|Any CPU
		{A1B2C3D4-E5F6-7890-ABCD-EF1234567890}.Debug|Any CPU.Build.0 = Debug|Any CPU
		{A1B2C3D4-E5F6-7890-ABCD-EF1234567890}.Debug|x64.ActiveCfg = Debug|Any CPU
		{A1B2C3D4-E5F6-7890-ABCD-EF1234567890}.Debug|x64.Build.0 = Debug|Any CPU
		{A1B2C3D4-E5F6-7890-ABCD-EF1234567890}.Debug|x86.ActiveCfg = Debug|Any CPU
		{A1B2C3D4-E5F6-7890-ABCD-EF1234567890}.Debug|x86.Build.0 = Debug|Any CPU
		{A1B2C3D4-E5F6-7890-ABCD-EF1234567890}.Release|Any CPU.ActiveCfg = Release|Any CPU
		{A1B2C3D4-E5F6-7890-ABCD-EF1234567890}.Release|Any CPU.Build.0 = Release|Any CPU
		{A1B2C3D4-E5F6-7890-ABCD-EF1234567890}.Release|x64.ActiveCfg = Release|Any CPU
		{A1B2C3D4-E5F6-7890-ABCD-EF1234567890}.Release|x64.Build.0 = Release|Any CPU
		{A1B2C3D4-E5F6-7890-ABCD-EF1234567890}.Release|x86.ActiveCfg = Release|Any CPU
		{A1B2C3D4-E5F6-7890-ABCD-EF1234567890}.Release|x86.Build.0 = Release|Any CPU
		{B2C3D4E5-F6A7-8901-BCDE-F12345678901}.Debug|Any CPU.ActiveCfg = Debug|Any CPU
		{B2C3D4E5-F6A7-8901-BCDE-F12345678901}.Debug|Any CPU.Build.0 = Debug|Any CPU
		{B2C3D4E5-F6A7-8901-BCDE-F12345678901}.Debug|x64.ActiveCfg = Debug|Any CPU
		{B2C3D4E5-F6A7-8901-BCDE-F12345678901}.Debug|x64.Build.0 = Debug|Any CPU
		{B2C3D4E5-F6A7-8901-BCDE-F12345678901}.Debug|x86.ActiveCfg = Debug|Any CPU
		{B2C3D4E5-F6A7-8901-BCDE-F12345678901}.Debug|x86.Build.0 = Debug|Any CPU
		{B2C3D4E5-F6A7-8901-BCDE-F12345678901}.Release|Any CPU.ActiveCfg = Release|Any CPU
		{B2C3D4E5-F6A7-8901-BCDE-F12345678901}.Release|Any CPU.Build.0 = Release|Any CPU
		{B2C3D4E5-F6A7-8901-BCDE-F12345678901}.Release|x64.ActiveCfg = Release|Any CPU
		{B2C3D4E5-F6A7-8901-BCDE-F12345678901}.Release|x64.Build.0 = Release|Any CPU
		{B2C3D4E5-F6A7-8901-BCDE-F12345678901}.Release|x86.ActiveCfg = Release|Any CPU
		{B2C3D4E5-F6A7-8901-BCDE-F12345678901}.Release|x86.Build.0 = Release|Any CPU
		{C3D4E5F6-A7B8-9012-CDEF-123456789012}.Debug|Any CPU.ActiveCfg = Debug|Any CPU
		{C3D4E5F6-A7B8-9012-CDEF-123456789012}.Debug|Any CPU.Build.0 = Debug|Any CPU
		{C3D4E5F6-A7B8-9012-CDEF-123456789012}.Debug|x64.ActiveCfg = Debug|Any CPU
		{C3D4E5F6-A7B8-9012-CDEF-123456789012}.Debug|x64.Build.0 = Debug|Any CPU
		{C3D4E5F6-A7B8-9012-CDEF-123456789012}.Debug|x86.ActiveCfg = Debug|Any CPU
		{C3D4E5F6-A7B8-9012-CDEF-123456789012}.Debug|x86.Build.0 = Debug|Any CPU
		{C3D4E5F6-A7B8-9012-CDEF-123456789012}.Release|Any CPU.ActiveCfg = Release|Any CPU
		{C3D4E5F6-A7B8-9012-CDEF-123456789012}.Release|Any CPU.Build.0 = Release|Any CPU
		{C3D4E5F6-A7B8-9012-CDEF-123456789012}.Release|x64.ActiveCfg = Release|Any CPU
		{C3D4E5F6-A7B8-9012-CDEF-123456789012}.Release|x64.Build.0 = Release|Any CPU
		{C3D4E5F6-A7B8-9012-CDEF-123456789012}.Release|x86.ActiveCfg = Release|Any CPU
		{C3D4E5F6-A7B8-9012-CDEF-123456789012}.Release|x86.Build.0 = Release|Any CPU
		{84F3AB59-15FB-4DC1-9154-56DC7C9E8452}.Debug|Any CPU.ActiveCfg = Debug|Any CPU
		{84F3AB59-15FB-4DC1-9154-56DC7C9E8452}.Debug|Any CPU.Build.0 = Debug|Any CPU
		{84F3AB59-15FB-4DC1-9154-56DC7C9E8452}.Debug|x64.ActiveCfg = Debug|Any CPU
		{84F3AB59-15FB-4DC1-9154-56DC7C9E8452}.Debug|x64.Build.0 = Debug|Any CPU
		{84F3AB59-15FB-4DC1-9154-56DC7C9E8452}.Debug|x86.ActiveCfg = Debug|Any CPU
		{84F3AB59-15FB-4DC1-9154-56DC7C9E8452}.Debug|x86.Build.0 = Debug|Any CPU
		{84F3AB59-15FB-4DC1-9154-56DC7C9E8452}.Release|Any CPU.ActiveCfg = Release|Any CPU
		{84F3AB59-15FB-4DC1-9154-56DC7C9E8452}.Release|Any CPU.Build.0 = Release|Any CPU
		{84F3AB59-15FB-4DC1-9154-56DC7C9E8452}.Release|x64.ActiveCfg = Release|Any CPU
		{84F3AB59-15FB-4DC1-9154-56DC7C9E8452}.Release|x64.Build.0 = Release|Any CPU
		{84F3AB59-15FB-4DC1-9154-56DC7C9E8452}.Release|x86.ActiveCfg = Release|Any CPU
		{84F3AB59-15FB-4DC1-9154-56DC7C9E8452}.Release|x86.Build.0 = Release|Any CPU
		{50FC0789-FCFC-4FA5-B2B5-E9CBE66D106F}.Debug|Any CPU.ActiveCfg = Debug|Any CPU
		{50FC0789-FCFC-4FA5-B2B5-E9CBE66D106F}.Debug|Any CPU.Build.0 = Debug|Any CPU
		{50FC0789-FCFC-4FA5-B2B5-E9CBE66D106F}.Debug|x64.ActiveCfg = Debug|Any CPU
		{50FC0789-FCFC-4FA5-B2B5-E9CBE66D106F}.Debug|x64.Build.0 = Debug|Any CPU
		{50FC0789-FCFC-4FA5-B2B5-E9CBE66D106F}.Debug|x86.ActiveCfg = Debug|Any CPU
		{50FC0789-FCFC-4FA5-B2B5-E9CBE66D106F}.Debug|x86.Build.0 = Debug|Any CPU
		{50FC0789-FCFC-4FA5-B2B5-E9CBE66D106F}.Release|Any CPU.ActiveCfg = Release|Any CPU
		{50FC0789-FCFC-4FA5-B2B5-E9CBE66D106F}.Release|Any CPU.Build.0 = Release|Any CPU
		{50FC0789-FCFC-4FA5-B2B5-E9CBE66D106F}.Release|x64.ActiveCfg = Release|Any CPU
		{50FC0789-FCFC-4FA5-B2B5-E9CBE66D106F}.Release|x64.Build.0 = Release|Any CPU
		{50FC0789-FCFC-4FA5-B2B5-E9CBE66D106F}.Release|x86.ActiveCfg = Release|Any CPU
		{50FC0789-FCFC-4FA5-B2B5-E9CBE66D106F}.Release|x86.Build.0 = Release|Any CPU
	EndGlobalSection
	GlobalSection(SolutionProperties) = preSolution
		HideSolutionNode = FALSE
	EndGlobalSection
	GlobalSection(NestedProjects) = preSolution
		{84F3AB59-15FB-4DC1-9154-56DC7C9E8452} = {0AB3BF05-4346-4AA6-1389-037BE0695223}
		{50FC0789-FCFC-4FA5-B2B5-E9CBE66D106F} = {827E0CD3-B72D-47B6-A68D-7590B98EB39B}
	EndGlobalSection
EndGlobal
